
Microsoft Visual Studio Solution File, Format Version 12.00
# Visual Studio 15
VisualStudioVersion = 15.0.26430.16
MinimumVisualStudioVersion = 10.0.40219.1
Project("{FAE04EC0-301F-11D3-BF4B-00C04F79EFBC}") = "CRMUITests", "CRMUITests\CRMUITests.csproj", "{234D4A8E-1238-4CBB-97EE-A8C50925AD9F}"
EndProject
Project("{FAE04EC0-301F-11D3-BF4B-00C04F79EFBC}") = "DataDriven", "DataDriven\DataDriven.csproj", "{BAB3CCC4-6904-4001-A689-64FABF4ADACB}"
EndProject
Project("{FAE04EC0-301F-11D3-BF4B-00C04F79EFBC}") = "AdminPanelUITests", "AdminPanelUITests\AdminPanelUITests.csproj", "{F89CC2FD-AE79-4B0C-8848-EDFFB3255218}"
EndProject
Project("{FAE04EC0-301F-11D3-BF4B-00C04F79EFBC}") = "BaseUITests", "BaseUITests\BaseUITests.csproj", "{C20A1AAC-799A-415A-A510-9003A6304AB0}"
EndProject
Project("{FAE04EC0-301F-11D3-BF4B-00C04F79EFBC}") = "LoanProcessingUITests", "LoanProcessingUITests\LoanProcessingUITests.csproj", "{35DAAEA1-10AB-4B6E-99A2-7814DC3B0671}"
EndProject
Project("{FAE04EC0-301F-11D3-BF4B-00C04F79EFBC}") = "DBConnection", "DBConnection\DBConnection.csproj", "{9CC2337F-FC1B-4F0E-9E80-E8521C6F6D7A}"
EndProject
Global
	GlobalSection(SolutionConfigurationPlatforms) = preSolution
		Debug|Any CPU = Debug|Any CPU
		Release|Any CPU = Release|Any CPU
	EndGlobalSection
	GlobalSection(ProjectConfigurationPlatforms) = postSolution
		{234D4A8E-1238-4CBB-97EE-A8C50925AD9F}.Debug|Any CPU.ActiveCfg = Debug|Any CPU
		{234D4A8E-1238-4CBB-97EE-A8C50925AD9F}.Debug|Any CPU.Build.0 = Debug|Any CPU
		{234D4A8E-1238-4CBB-97EE-A8C50925AD9F}.Release|Any CPU.ActiveCfg = Release|Any CPU
		{234D4A8E-1238-4CBB-97EE-A8C50925AD9F}.Release|Any CPU.Build.0 = Release|Any CPU
		{BAB3CCC4-6904-4001-A689-64FABF4ADACB}.Debug|Any CPU.ActiveCfg = Debug|Any CPU
		{BAB3CCC4-6904-4001-A689-64FABF4ADACB}.Debug|Any CPU.Build.0 = Debug|Any CPU
		{BAB3CCC4-6904-4001-A689-64FABF4ADACB}.Release|Any CPU.ActiveCfg = Release|Any CPU
		{BAB3CCC4-6904-4001-A689-64FABF4ADACB}.Release|Any CPU.Build.0 = Release|Any CPU
		{F89CC2FD-AE79-4B0C-8848-EDFFB3255218}.Debug|Any CPU.ActiveCfg = Debug|Any CPU
		{F89CC2FD-AE79-4B0C-8848-EDFFB3255218}.Debug|Any CPU.Build.0 = Debug|Any CPU
		{F89CC2FD-AE79-4B0C-8848-EDFFB3255218}.Release|Any CPU.ActiveCfg = Release|Any CPU
		{F89CC2FD-AE79-4B0C-8848-EDFFB3255218}.Release|Any CPU.Build.0 = Release|Any CPU
		{C20A1AAC-799A-415A-A510-9003A6304AB0}.Debug|Any CPU.ActiveCfg = Debug|Any CPU
		{C20A1AAC-799A-415A-A510-9003A6304AB0}.Debug|Any CPU.Build.0 = Debug|Any CPU
		{C20A1AAC-799A-415A-A510-9003A6304AB0}.Release|Any CPU.ActiveCfg = Release|Any CPU
		{C20A1AAC-799A-415A-A510-9003A6304AB0}.Release|Any CPU.Build.0 = Release|Any CPU
		{35DAAEA1-10AB-4B6E-99A2-7814DC3B0671}.Debug|Any CPU.ActiveCfg = Debug|Any CPU
		{35DAAEA1-10AB-4B6E-99A2-7814DC3B0671}.Debug|Any CPU.Build.0 = Debug|Any CPU
		{35DAAEA1-10AB-4B6E-99A2-7814DC3B0671}.Release|Any CPU.ActiveCfg = Release|Any CPU
		{35DAAEA1-10AB-4B6E-99A2-7814DC3B0671}.Release|Any CPU.Build.0 = Release|Any CPU
		{9CC2337F-FC1B-4F0E-9E80-E8521C6F6D7A}.Debug|Any CPU.ActiveCfg = Debug|Any CPU
		{9CC2337F-FC1B-4F0E-9E80-E8521C6F6D7A}.Debug|Any CPU.Build.0 = Debug|Any CPU
		{9CC2337F-FC1B-4F0E-9E80-E8521C6F6D7A}.Release|Any CPU.ActiveCfg = Release|Any CPU
		{9CC2337F-FC1B-4F0E-9E80-E8521C6F6D7A}.Release|Any CPU.Build.0 = Release|Any CPU
	EndGlobalSection
	GlobalSection(SolutionProperties) = preSolution
		HideSolutionNode = FALSE
	EndGlobalSection
EndGlobal
